
Microsoft Visual Studio Solution File, Format Version 12.00
# Visual Studio Version 17
VisualStudioVersion = 17.7.34202.233
MinimumVisualStudioVersion = 10.0.40219.1
Project("{FAE04EC0-301F-11D3-BF4B-00C04F79EFBC}") = "LoginC#", "LoginC#\LoginC#.csproj", "{53533562-7DCA-4129-B0BD-783A1E263744}"
EndProject
Global
	GlobalSection(SolutionConfigurationPlatforms) = preSolution
		Debug|Any CPU = Debug|Any CPU
		Release|Any CPU = Release|Any CPU
	EndGlobalSection
	GlobalSection(ProjectConfigurationPlatforms) = postSolution
		{53533562-7DCA-4129-B0BD-783A1E263744}.Debug|Any CPU.ActiveCfg = Debug|Any CPU
		{53533562-7DCA-4129-B0BD-783A1E263744}.Debug|Any CPU.Build.0 = Debug|Any CPU
		{53533562-7DCA-4129-B0BD-783A1E263744}.Release|Any CPU.ActiveCfg = Release|Any CPU
		{53533562-7DCA-4129-B0BD-783A1E263744}.Release|Any CPU.Build.0 = Release|Any CPU
	EndGlobalSection
	GlobalSection(SolutionProperties) = preSolution
		HideSolutionNode = FALSE
	EndGlobalSection
	GlobalSection(ExtensibilityGlobals) = postSolution
		SolutionGuid = {A2BDAA9E-494B-4137-8B04-503A4DF6851B}
	EndGlobalSection
EndGlobal
